// !$*UTF8*$!
{
	archiveVersion = 1;
	classes = {
	};
	objectVersion = 56;
	objects = {

/* Begin PBXBuildFile section */
		0FF9AECF2B7C193A0073C39E /* CalculatorAppApp.swift in Sources */ = {isa = PBXBuildFile; fileRef = 0FF9AECE2B7C193A0073C39E /* CalculatorAppApp.swift */; };
		0FF9AED12B7C193A0073C39E /* ContentView.swift in Sources */ = {isa = PBXBuildFile; fileRef = 0FF9AED02B7C193A0073C39E /* ContentView.swift */; };
		0FF9AED32B7C193E0073C39E /* Assets.xcassets in Resources */ = {isa = PBXBuildFile; fileRef = 0FF9AED22B7C193E0073C39E /* Assets.xcassets */; };
		0FF9AED62B7C193E0073C39E /* Preview Assets.xcassets in Resources */ = {isa = PBXBuildFile; fileRef = 0FF9AED52B7C193E0073C39E /* Preview Assets.xcassets */; };
		0FF9AEE02B7C193E0073C39E /* CalculatorAppTests.swift in Sources */ = {isa = PBXBuildFile; fileRef = 0FF9AEDF2B7C193E0073C39E /* CalculatorAppTests.swift */; };
		0FF9AEEA2B7C193E0073C39E /* CalculatorAppUITests.swift in Sources */ = {isa = PBXBuildFile; fileRef = 0FF9AEE92B7C193E0073C39E /* CalculatorAppUITests.swift */; };
		0FF9AEEC2B7C193E0073C39E /* CalculatorAppUITestsLaunchTests.swift in Sources */ = {isa = PBXBuildFile; fileRef = 0FF9AEEB2B7C193E0073C39E /* CalculatorAppUITestsLaunchTests.swift */; };
		0FF9AEFA2B7C19E50073C39E /* Home.swift in Sources */ = {isa = PBXBuildFile; fileRef = 0FF9AEF92B7C19E50073C39E /* Home.swift */; };
		0FF9AEFD2B7C1B230073C39E /* CalculatorButtons.swift in Sources */ = {isa = PBXBuildFile; fileRef = 0FF9AEFC2B7C1B230073C39E /* CalculatorButtons.swift */; };
/* End PBXBuildFile section */

/* Begin PBXContainerItemProxy section */
		0FF9AEDC2B7C193E0073C39E /* PBXContainerItemProxy */ = {
			isa = PBXContainerItemProxy;
			containerPortal = 0FF9AEC32B7C193A0073C39E /* Project object */;
			proxyType = 1;
			remoteGlobalIDString = 0FF9AECA2B7C193A0073C39E;
			remoteInfo = CalculatorApp;
		};
		0FF9AEE62B7C193E0073C39E /* PBXContainerItemProxy */ = {
			isa = PBXContainerItemProxy;
			containerPortal = 0FF9AEC32B7C193A0073C39E /* Project object */;
			proxyType = 1;
			remoteGlobalIDString = 0FF9AECA2B7C193A0073C39E;
			remoteInfo = CalculatorApp;
		};
/* End PBXContainerItemProxy section */

/* Begin PBXFileReference section */
		0FF9AECB2B7C193A0073C39E /* CalculatorApp.app */ = {isa = PBXFileReference; explicitFileType = wrapper.application; includeInIndex = 0; path = CalculatorApp.app; sourceTree = BUILT_PRODUCTS_DIR; };
		0FF9AECE2B7C193A0073C39E /* CalculatorAppApp.swift */ = {isa = PBXFileReference; lastKnownFileType = sourcecode.swift; path = CalculatorAppApp.swift; sourceTree = "<group>"; };
		0FF9AED02B7C193A0073C39E /* ContentView.swift */ = {isa = PBXFileReference; lastKnownFileType = sourcecode.swift; path = ContentView.swift; sourceTree = "<group>"; };
		0FF9AED22B7C193E0073C39E /* Assets.xcassets */ = {isa = PBXFileReference; lastKnownFileType = folder.assetcatalog; path = Assets.xcassets; sourceTree = "<group>"; };
		0FF9AED52B7C193E0073C39E /* Preview Assets.xcassets */ = {isa = PBXFileReference; lastKnownFileType = folder.assetcatalog; path = "Preview Assets.xcassets"; sourceTree = "<group>"; };
		0FF9AEDB2B7C193E0073C39E /* CalculatorAppTests.xctest */ = {isa = PBXFileReference; explicitFileType = wrapper.cfbundle; includeInIndex = 0; path = CalculatorAppTests.xctest; sourceTree = BUILT_PRODUCTS_DIR; };
		0FF9AEDF2B7C193E0073C39E /* CalculatorAppTests.swift */ = {isa = PBXFileReference; lastKnownFileType = sourcecode.swift; path = CalculatorAppTests.swift; sourceTree = "<group>"; };
		0FF9AEE52B7C193E0073C39E /* CalculatorAppUITests.xctest */ = {isa = PBXFileReference; explicitFileType = wrapper.cfbundle; includeInIndex = 0; path = CalculatorAppUITests.xctest; sourceTree = BUILT_PRODUCTS_DIR; };
		0FF9AEE92B7C193E0073C39E /* CalculatorAppUITests.swift */ = {isa = PBXFileReference; lastKnownFileType = sourcecode.swift; path = CalculatorAppUITests.swift; sourceTree = "<group>"; };
		0FF9AEEB2B7C193E0073C39E /* CalculatorAppUITestsLaunchTests.swift */ = {isa = PBXFileReference; lastKnownFileType = sourcecode.swift; path = CalculatorAppUITestsLaunchTests.swift; sourceTree = "<group>"; };
		0FF9AEF92B7C19E50073C39E /* Home.swift */ = {isa = PBXFileReference; lastKnownFileType = sourcecode.swift; path = Home.swift; sourceTree = "<group>"; };
		0FF9AEFC2B7C1B230073C39E /* CalculatorButtons.swift */ = {isa = PBXFileReference; lastKnownFileType = sourcecode.swift; path = CalculatorButtons.swift; sourceTree = "<group>"; };
/* End PBXFileReference section */

/* Begin PBXFrameworksBuildPhase section */
		0FF9AEC82B7C193A0073C39E /* Frameworks */ = {
			isa = PBXFrameworksBuildPhase;
			buildActionMask = 2147483647;
			files = (
			);
			runOnlyForDeploymentPostprocessing = 0;
		};
		0FF9AED82B7C193E0073C39E /* Frameworks */ = {
			isa = PBXFrameworksBuildPhase;
			buildActionMask = 2147483647;
			files = (
			);
			runOnlyForDeploymentPostprocessing = 0;
		};
		0FF9AEE22B7C193E0073C39E /* Frameworks */ = {
			isa = PBXFrameworksBuildPhase;
			buildActionMask = 2147483647;
			files = (
			);
			runOnlyForDeploymentPostprocessing = 0;
		};
/* End PBXFrameworksBuildPhase section */

/* Begin PBXGroup section */
		0FF9AEC22B7C193A0073C39E = {
			isa = PBXGroup;
			children = (
				0FF9AECD2B7C193A0073C39E /* CalculatorApp */,
				0FF9AEDE2B7C193E0073C39E /* CalculatorAppTests */,
				0FF9AEE82B7C193E0073C39E /* CalculatorAppUITests */,
				0FF9AECC2B7C193A0073C39E /* Products */,
			);
			sourceTree = "<group>";
		};
		0FF9AECC2B7C193A0073C39E /* Products */ = {
			isa = PBXGroup;
			children = (
				0FF9AECB2B7C193A0073C39E /* CalculatorApp.app */,
				0FF9AEDB2B7C193E0073C39E /* CalculatorAppTests.xctest */,
				0FF9AEE52B7C193E0073C39E /* CalculatorAppUITests.xctest */,
			);
			name = Products;
			sourceTree = "<group>";
		};
		0FF9AECD2B7C193A0073C39E /* CalculatorApp */ = {
			isa = PBXGroup;
			children = (
				0FF9AEFB2B7C1B130073C39E /* Models */,
				0FF9AEF82B7C19D00073C39E /* Views */,
				0FF9AECE2B7C193A0073C39E /* CalculatorAppApp.swift */,
				0FF9AED02B7C193A0073C39E /* ContentView.swift */,
				0FF9AED22B7C193E0073C39E /* Assets.xcassets */,
				0FF9AED42B7C193E0073C39E /* Preview Content */,
			);
			path = CalculatorApp;
			sourceTree = "<group>";
		};
		0FF9AED42B7C193E0073C39E /* Preview Content */ = {
			isa = PBXGroup;
			children = (
				0FF9AED52B7C193E0073C39E /* Preview Assets.xcassets */,
				0FF9AEF92B7C19E50073C39E /* Home.swift */,
			);
			path = "Preview Content";
			sourceTree = "<group>";
		};
		0FF9AEDE2B7C193E0073C39E /* CalculatorAppTests */ = {
			isa = PBXGroup;
			children = (
				0FF9AEDF2B7C193E0073C39E /* CalculatorAppTests.swift */,
			);
			path = CalculatorAppTests;
			sourceTree = "<group>";
		};
		0FF9AEE82B7C193E0073C39E /* CalculatorAppUITests */ = {
			isa = PBXGroup;
			children = (
				0FF9AEE92B7C193E0073C39E /* CalculatorAppUITests.swift */,
				0FF9AEEB2B7C193E0073C39E /* CalculatorAppUITestsLaunchTests.swift */,
			);
			path = CalculatorAppUITests;
			sourceTree = "<group>";
		};
		0FF9AEF82B7C19D00073C39E /* Views */ = {
			isa = PBXGroup;
			children = (
			);
			path = Views;
			sourceTree = "<group>";
		};
		0FF9AEFB2B7C1B130073C39E /* Models */ = {
			isa = PBXGroup;
			children = (
				0FF9AEFC2B7C1B230073C39E /* CalculatorButtons.swift */,
			);
			path = Models;
			sourceTree = "<group>";
		};
/* End PBXGroup section */

/* Begin PBXNativeTarget section */
		0FF9AECA2B7C193A0073C39E /* CalculatorApp */ = {
			isa = PBXNativeTarget;
			buildConfigurationList = 0FF9AEEF2B7C193E0073C39E /* Build configuration list for PBXNativeTarget "CalculatorApp" */;
			buildPhases = (
				0FF9AEC72B7C193A0073C39E /* Sources */,
				0FF9AEC82B7C193A0073C39E /* Frameworks */,
				0FF9AEC92B7C193A0073C39E /* Resources */,
			);
			buildRules = (
			);
			dependencies = (
			);
			name = CalculatorApp;
			productName = CalculatorApp;
			productReference = 0FF9AECB2B7C193A0073C39E /* CalculatorApp.app */;
			productType = "com.apple.product-type.application";
		};
		0FF9AEDA2B7C193E0073C39E /* CalculatorAppTests */ = {
			isa = PBXNativeTarget;
			buildConfigurationList = 0FF9AEF22B7C193E0073C39E /* Build configuration list for PBXNativeTarget "CalculatorAppTests" */;
			buildPhases = (
				0FF9AED72B7C193E0073C39E /* Sources */,
				0FF9AED82B7C193E0073C39E /* Frameworks */,
				0FF9AED92B7C193E0073C39E /* Resources */,
			);
			buildRules = (
			);
			dependencies = (
				0FF9AEDD2B7C193E0073C39E /* PBXTargetDependency */,
			);
			name = CalculatorAppTests;
			productName = CalculatorAppTests;
			productReference = 0FF9AEDB2B7C193E0073C39E /* CalculatorAppTests.xctest */;
			productType = "com.apple.product-type.bundle.unit-test";
		};
		0FF9AEE42B7C193E0073C39E /* CalculatorAppUITests */ = {
			isa = PBXNativeTarget;
			buildConfigurationList = 0FF9AEF52B7C193E0073C39E /* Build configuration list for PBXNativeTarget "CalculatorAppUITests" */;
			buildPhases = (
				0FF9AEE12B7C193E0073C39E /* Sources */,
				0FF9AEE22B7C193E0073C39E /* Frameworks */,
				0FF9AEE32B7C193E0073C39E /* Resources */,
			);
			buildRules = (
			);
			dependencies = (
				0FF9AEE72B7C193E0073C39E /* PBXTargetDependency */,
			);
			name = CalculatorAppUITests;
			productName = CalculatorAppUITests;
			productReference = 0FF9AEE52B7C193E0073C39E /* CalculatorAppUITests.xctest */;
			productType = "com.apple.product-type.bundle.ui-testing";
		};
/* End PBXNativeTarget section */

/* Begin PBXProject section */
		0FF9AEC32B7C193A0073C39E /* Project object */ = {
			isa = PBXProject;
			attributes = {
				BuildIndependentTargetsInParallel = 1;
				LastSwiftUpdateCheck = 1520;
				LastUpgradeCheck = 1520;
				TargetAttributes = {
					0FF9AECA2B7C193A0073C39E = {
						CreatedOnToolsVersion = 15.2;
					};
					0FF9AEDA2B7C193E0073C39E = {
						CreatedOnToolsVersion = 15.2;
						TestTargetID = 0FF9AECA2B7C193A0073C39E;
					};
					0FF9AEE42B7C193E0073C39E = {
						CreatedOnToolsVersion = 15.2;
						TestTargetID = 0FF9AECA2B7C193A0073C39E;
					};
				};
			};
			buildConfigurationList = 0FF9AEC62B7C193A0073C39E /* Build configuration list for PBXProject "CalculatorApp" */;
			compatibilityVersion = "Xcode 14.0";
			developmentRegion = en;
			hasScannedForEncodings = 0;
			knownRegions = (
				en,
				Base,
			);
			mainGroup = 0FF9AEC22B7C193A0073C39E;
			productRefGroup = 0FF9AECC2B7C193A0073C39E /* Products */;
			projectDirPath = "";
			projectRoot = "";
			targets = (
				0FF9AECA2B7C193A0073C39E /* CalculatorApp */,
				0FF9AEDA2B7C193E0073C39E /* CalculatorAppTests */,
				0FF9AEE42B7C193E0073C39E /* CalculatorAppUITests */,
			);
		};
/* End PBXProject section */

/* Begin PBXResourcesBuildPhase section */
		0FF9AEC92B7C193A0073C39E /* Resources */ = {
			isa = PBXResourcesBuildPhase;
			buildActionMask = 2147483647;
			files = (
				0FF9AED62B7C193E0073C39E /* Preview Assets.xcassets in Resources */,
				0FF9AED32B7C193E0073C39E /* Assets.xcassets in Resources */,
			);
			runOnlyForDeploymentPostprocessing = 0;
		};
		0FF9AED92B7C193E0073C39E /* Resources */ = {
			isa = PBXResourcesBuildPhase;
			buildActionMask = 2147483647;
			files = (
			);
			runOnlyForDeploymentPostprocessing = 0;
		};
		0FF9AEE32B7C193E0073C39E /* Resources */ = {
			isa = PBXResourcesBuildPhase;
			buildActionMask = 2147483647;
			files = (
			);
			runOnlyForDeploymentPostprocessing = 0;
		};
/* End PBXResourcesBuildPhase section */

/* Begin PBXSourcesBuildPhase section */
		0FF9AEC72B7C193A0073C39E /* Sources */ = {
			isa = PBXSourcesBuildPhase;
			buildActionMask = 2147483647;
			files = (
				0FF9AED12B7C193A0073C39E /* ContentView.swift in Sources */,
				0FF9AEFA2B7C19E50073C39E /* Home.swift in Sources */,
				0FF9AECF2B7C193A0073C39E /* CalculatorAppApp.swift in Sources */,
				0FF9AEFD2B7C1B230073C39E /* CalculatorButtons.swift in Sources */,
			);
			runOnlyForDeploymentPostprocessing = 0;
		};
		0FF9AED72B7C193E0073C39E /* Sources */ = {
			isa = PBXSourcesBuildPhase;
			buildActionMask = 2147483647;
			files = (
				0FF9AEE02B7C193E0073C39E /* CalculatorAppTests.swift in Sources */,
			);
			runOnlyForDeploymentPostprocessing = 0;
		};
		0FF9AEE12B7C193E0073C39E /* Sources */ = {
			isa = PBXSourcesBuildPhase;
			buildActionMask = 2147483647;
			files = (
				0FF9AEEC2B7C193E0073C39E /* CalculatorAppUITestsLaunchTests.swift in Sources */,
				0FF9AEEA2B7C193E0073C39E /* CalculatorAppUITests.swift in Sources */,
			);
			runOnlyForDeploymentPostprocessing = 0;
		};
/* End PBXSourcesBuildPhase section */

/* Begin PBXTargetDependency section */
		0FF9AEDD2B7C193E0073C39E /* PBXTargetDependency */ = {
			isa = PBXTargetDependency;
			target = 0FF9AECA2B7C193A0073C39E /* CalculatorApp */;
			targetProxy = 0FF9AEDC2B7C193E0073C39E /* PBXContainerItemProxy */;
		};
		0FF9AEE72B7C193E0073C39E /* PBXTargetDependency */ = {
			isa = PBXTargetDependency;
			target = 0FF9AECA2B7C193A0073C39E /* CalculatorApp */;
			targetProxy = 0FF9AEE62B7C193E0073C39E /* PBXContainerItemProxy */;
		};
/* End PBXTargetDependency section */

/* Begin XCBuildConfiguration section */
		0FF9AEED2B7C193E0073C39E /* Debug */ = {
			isa = XCBuildConfiguration;
			buildSettings = {
				ALWAYS_SEARCH_USER_PATHS = NO;
				ASSETCATALOG_COMPILER_GENERATE_SWIFT_ASSET_SYMBOL_EXTENSIONS = YES;
				CLANG_ANALYZER_NONNULL = YES;
				CLANG_ANALYZER_NUMBER_OBJECT_CONVERSION = YES_AGGRESSIVE;
				CLANG_CXX_LANGUAGE_STANDARD = "gnu++20";
				CLANG_ENABLE_MODULES = YES;
				CLANG_ENABLE_OBJC_ARC = YES;
				CLANG_ENABLE_OBJC_WEAK = YES;
				CLANG_WARN_BLOCK_CAPTURE_AUTORELEASING = YES;
				CLANG_WARN_BOOL_CONVERSION = YES;
				CLANG_WARN_COMMA = YES;
				CLANG_WARN_CONSTANT_CONVERSION = YES;
				CLANG_WARN_DEPRECATED_OBJC_IMPLEMENTATIONS = YES;
				CLANG_WARN_DIRECT_OBJC_ISA_USAGE = YES_ERROR;
				CLANG_WARN_DOCUMENTATION_COMMENTS = YES;
				CLANG_WARN_EMPTY_BODY = YES;
				CLANG_WARN_ENUM_CONVERSION = YES;
				CLANG_WARN_INFINITE_RECURSION = YES;
				CLANG_WARN_INT_CONVERSION = YES;
				CLANG_WARN_NON_LITERAL_NULL_CONVERSION = YES;
				CLANG_WARN_OBJC_IMPLICIT_RETAIN_SELF = YES;
				CLANG_WARN_OBJC_LITERAL_CONVERSION = YES;
				CLANG_WARN_OBJC_ROOT_CLASS = YES_ERROR;
				CLANG_WARN_QUOTED_INCLUDE_IN_FRAMEWORK_HEADER = YES;
				CLANG_WARN_RANGE_LOOP_ANALYSIS = YES;
				CLANG_WARN_STRICT_PROTOTYPES = YES;
				CLANG_WARN_SUSPICIOUS_MOVE = YES;
				CLANG_WARN_UNGUARDED_AVAILABILITY = YES_AGGRESSIVE;
				CLANG_WARN_UNREACHABLE_CODE = YES;
				CLANG_WARN__DUPLICATE_METHOD_MATCH = YES;
				COPY_PHASE_STRIP = NO;
				DEBUG_INFORMATION_FORMAT = dwarf;
				ENABLE_STRICT_OBJC_MSGSEND = YES;
				ENABLE_TESTABILITY = YES;
				ENABLE_USER_SCRIPT_SANDBOXING = YES;
				GCC_C_LANGUAGE_STANDARD = gnu17;
				GCC_DYNAMIC_NO_PIC = NO;
				GCC_NO_COMMON_BLOCKS = YES;
				GCC_OPTIMIZATION_LEVEL = 0;
				GCC_PREPROCESSOR_DEFINITIONS = (
					"DEBUG=1",
					"$(inherited)",
				);
				GCC_WARN_64_TO_32_BIT_CONVERSION = YES;
				GCC_WARN_ABOUT_RETURN_TYPE = YES_ERROR;
				GCC_WARN_UNDECLARED_SELECTOR = YES;
				GCC_WARN_UNINITIALIZED_AUTOS = YES_AGGRESSIVE;
				GCC_WARN_UNUSED_FUNCTION = YES;
				GCC_WARN_UNUSED_VARIABLE = YES;
				IPHONEOS_DEPLOYMENT_TARGET = 17.2;
				LOCALIZATION_PREFERS_STRING_CATALOGS = YES;
				MTL_ENABLE_DEBUG_INFO = INCLUDE_SOURCE;
				MTL_FAST_MATH = YES;
				ONLY_ACTIVE_ARCH = YES;
				SDKROOT = iphoneos;
				SWIFT_ACTIVE_COMPILATION_CONDITIONS = "DEBUG $(inherited)";
				SWIFT_OPTIMIZATION_LEVEL = "-Onone";
			};
			name = Debug;
		};
		0FF9AEEE2B7C193E0073C39E /* Release */ = {
			isa = XCBuildConfiguration;
			buildSettings = {
				ALWAYS_SEARCH_USER_PATHS = NO;
				ASSETCATALOG_COMPILER_GENERATE_SWIFT_ASSET_SYMBOL_EXTENSIONS = YES;
				CLANG_ANALYZER_NONNULL = YES;
				CLANG_ANALYZER_NUMBER_OBJECT_CONVERSION = YES_AGGRESSIVE;
				CLANG_CXX_LANGUAGE_STANDARD = "gnu++20";
				CLANG_ENABLE_MODULES = YES;
				CLANG_ENABLE_OBJC_ARC = YES;
				CLANG_ENABLE_OBJC_WEAK = YES;
				CLANG_WARN_BLOCK_CAPTURE_AUTORELEASING = YES;
				CLANG_WARN_BOOL_CONVERSION = YES;
				CLANG_WARN_COMMA = YES;
				CLANG_WARN_CONSTANT_CONVERSION = YES;
				CLANG_WARN_DEPRECATED_OBJC_IMPLEMENTATIONS = YES;
				CLANG_WARN_DIRECT_OBJC_ISA_USAGE = YES_ERROR;
				CLANG_WARN_DOCUMENTATION_COMMENTS = YES;
				CLANG_WARN_EMPTY_BODY = YES;
				CLANG_WARN_ENUM_CONVERSION = YES;
				CLANG_WARN_INFINITE_RECURSION = YES;
				CLANG_WARN_INT_CONVERSION = YES;
				CLANG_WARN_NON_LITERAL_NULL_CONVERSION = YES;
				CLANG_WARN_OBJC_IMPLICIT_RETAIN_SELF = YES;
				CLANG_WARN_OBJC_LITERAL_CONVERSION = YES;
				CLANG_WARN_OBJC_ROOT_CLASS = YES_ERROR;
				CLANG_WARN_QUOTED_INCLUDE_IN_FRAMEWORK_HEADER = YES;
				CLANG_WARN_RANGE_LOOP_ANALYSIS = YES;
				CLANG_WARN_STRICT_PROTOTYPES = YES;
				CLANG_WARN_SUSPICIOUS_MOVE = YES;
				CLANG_WARN_UNGUARDED_AVAILABILITY = YES_AGGRESSIVE;
				CLANG_WARN_UNREACHABLE_CODE = YES;
				CLANG_WARN__DUPLICATE_METHOD_MATCH = YES;
				COPY_PHASE_STRIP = NO;
				DEBUG_INFORMATION_FORMAT = "dwarf-with-dsym";
				ENABLE_NS_ASSERTIONS = NO;
				ENABLE_STRICT_OBJC_MSGSEND = YES;
				ENABLE_USER_SCRIPT_SANDBOXING = YES;
				GCC_C_LANGUAGE_STANDARD = gnu17;
				GCC_NO_COMMON_BLOCKS = YES;
				GCC_WARN_64_TO_32_BIT_CONVERSION = YES;
				GCC_WARN_ABOUT_RETURN_TYPE = YES_ERROR;
				GCC_WARN_UNDECLARED_SELECTOR = YES;
				GCC_WARN_UNINITIALIZED_AUTOS = YES_AGGRESSIVE;
				GCC_WARN_UNUSED_FUNCTION = YES;
				GCC_WARN_UNUSED_VARIABLE = YES;
				IPHONEOS_DEPLOYMENT_TARGET = 17.2;
				LOCALIZATION_PREFERS_STRING_CATALOGS = YES;
				MTL_ENABLE_DEBUG_INFO = NO;
				MTL_FAST_MATH = YES;
				SDKROOT = iphoneos;
				SWIFT_COMPILATION_MODE = wholemodule;
				VALIDATE_PRODUCT = YES;
			};
			name = Release;
		};
		0FF9AEF02B7C193E0073C39E /* Debug */ = {
			isa = XCBuildConfiguration;
			buildSettings = {
				ASSETCATALOG_COMPILER_APPICON_NAME = AppIcon;
				ASSETCATALOG_COMPILER_GLOBAL_ACCENT_COLOR_NAME = AccentColor;
				CODE_SIGN_STYLE = Automatic;
				CURRENT_PROJECT_VERSION = 1;
				DEVELOPMENT_ASSET_PATHS = "\"CalculatorApp/Preview Content\"";
				DEVELOPMENT_TEAM = 973F3TA6FW;
				ENABLE_PREVIEWS = YES;
				GENERATE_INFOPLIST_FILE = YES;
				INFOPLIST_KEY_UIApplicationSceneManifest_Generation = YES;
				INFOPLIST_KEY_UIApplicationSupportsIndirectInputEvents = YES;
				INFOPLIST_KEY_UILaunchScreen_Generation = YES;
				INFOPLIST_KEY_UISupportedInterfaceOrientations_iPad = "UIInterfaceOrientationPortrait UIInterfaceOrientationPortraitUpsideDown UIInterfaceOrientationLandscapeLeft UIInterfaceOrientationLandscapeRight";
				INFOPLIST_KEY_UISupportedInterfaceOrientations_iPhone = "UIInterfaceOrientationPortrait UIInterfaceOrientationLandscapeLeft UIInterfaceOrientationLandscapeRight";
				LD_RUNPATH_SEARCH_PATHS = (
					"$(inherited)",
					"@executable_path/Frameworks",
				);
				MARKETING_VERSION = 1.0;
				PRODUCT_BUNDLE_IDENTIFIER = Academy.CalculatorApp;
				PRODUCT_NAME = "$(TARGET_NAME)";
				SWIFT_EMIT_LOC_STRINGS = YES;
				SWIFT_VERSION = 5.0;
				TARGETED_DEVICE_FAMILY = "1,2";
			};
			name = Debug;
		};
		0FF9AEF12B7C193E0073C39E /* Release */ = {
			isa = XCBuildConfiguration;
			buildSettings = {
				ASSETCATALOG_COMPILER_APPICON_NAME = AppIcon;
				ASSETCATALOG_COMPILER_GLOBAL_ACCENT_COLOR_NAME = AccentColor;
				CODE_SIGN_STYLE = Automatic;
				CURRENT_PROJECT_VERSION = 1;
				DEVELOPMENT_ASSET_PATHS = "\"CalculatorApp/Preview Content\"";
				DEVELOPMENT_TEAM = 973F3TA6FW;
				ENABLE_PREVIEWS = YES;
				GENERATE_INFOPLIST_FILE = YES;
				INFOPLIST_KEY_UIApplicationSceneManifest_Generation = YES;
				INFOPLIST_KEY_UIApplicationSupportsIndirectInputEvents = YES;
				INFOPLIST_KEY_UILaunchScreen_Generation = YES;
				INFOPLIST_KEY_UISupportedInterfaceOrientations_iPad = "UIInterfaceOrientationPortrait UIInterfaceOrientationPortraitUpsideDown UIInterfaceOrientationLandscapeLeft UIInterfaceOrientationLandscapeRight";
				INFOPLIST_KEY_UISupportedInterfaceOrientations_iPhone = "UIInterfaceOrientationPortrait UIInterfaceOrientationLandscapeLeft UIInterfaceOrientationLandscapeRight";
				LD_RUNPATH_SEARCH_PATHS = (
					"$(inherited)",
					"@executable_path/Frameworks",
				);
				MARKETING_VERSION = 1.0;
				PRODUCT_BUNDLE_IDENTIFIER = Academy.CalculatorApp;
				PRODUCT_NAME = "$(TARGET_NAME)";
				SWIFT_EMIT_LOC_STRINGS = YES;
				SWIFT_VERSION = 5.0;
				TARGETED_DEVICE_FAMILY = "1,2";
			};
			name = Release;
		};
		0FF9AEF32B7C193E0073C39E /* Debug */ = {
			isa = XCBuildConfiguration;
			buildSettings = {
				ALWAYS_EMBED_SWIFT_STANDARD_LIBRARIES = YES;
				BUNDLE_LOADER = "$(TEST_HOST)";
				CODE_SIGN_STYLE = Automatic;
				CURRENT_PROJECT_VERSION = 1;
				DEVELOPMENT_TEAM = 973F3TA6FW;
				GENERATE_INFOPLIST_FILE = YES;
				IPHONEOS_DEPLOYMENT_TARGET = 17.2;
				MARKETING_VERSION = 1.0;
				PRODUCT_BUNDLE_IDENTIFIER = Academy.CalculatorAppTests;
				PRODUCT_NAME = "$(TARGET_NAME)";
				SWIFT_EMIT_LOC_STRINGS = NO;
				SWIFT_VERSION = 5.0;
				TARGETED_DEVICE_FAMILY = "1,2";
				TEST_HOST = "$(BUILT_PRODUCTS_DIR)/CalculatorApp.app/$(BUNDLE_EXECUTABLE_FOLDER_PATH)/CalculatorApp";
			};
			name = Debug;
		};
		0FF9AEF42B7C193E0073C39E /* Release */ = {
			isa = XCBuildConfiguration;
			buildSettings = {
				ALWAYS_EMBED_SWIFT_STANDARD_LIBRARIES = YES;
				BUNDLE_LOADER = "$(TEST_HOST)";
				CODE_SIGN_STYLE = Automatic;
				CURRENT_PROJECT_VERSION = 1;
				DEVELOPMENT_TEAM = 973F3TA6FW;
				GENERATE_INFOPLIST_FILE = YES;
				IPHONEOS_DEPLOYMENT_TARGET = 17.2;
				MARKETING_VERSION = 1.0;
				PRODUCT_BUNDLE_IDENTIFIER = Academy.CalculatorAppTests;
				PRODUCT_NAME = "$(TARGET_NAME)";
				SWIFT_EMIT_LOC_STRINGS = NO;
				SWIFT_VERSION = 5.0;
				TARGETED_DEVICE_FAMILY = "1,2";
				TEST_HOST = "$(BUILT_PRODUCTS_DIR)/CalculatorApp.app/$(BUNDLE_EXECUTABLE_FOLDER_PATH)/CalculatorApp";
			};
			name = Release;
		};
		0FF9AEF62B7C193E0073C39E /* Debug */ = {
			isa = XCBuildConfiguration;
			buildSettings = {
				ALWAYS_EMBED_SWIFT_STANDARD_LIBRARIES = YES;
				CODE_SIGN_STYLE = Automatic;
				CURRENT_PROJECT_VERSION = 1;
				DEVELOPMENT_TEAM = 973F3TA6FW;
				GENERATE_INFOPLIST_FILE = YES;
				MARKETING_VERSION = 1.0;
				PRODUCT_BUNDLE_IDENTIFIER = Academy.CalculatorAppUITests;
				PRODUCT_NAME = "$(TARGET_NAME)";
				SWIFT_EMIT_LOC_STRINGS = NO;
				SWIFT_VERSION = 5.0;
				TARGETED_DEVICE_FAMILY = "1,2";
				TEST_TARGET_NAME = CalculatorApp;
			};
			name = Debug;
		};
		0FF9AEF72B7C193E0073C39E /* Release */ = {
			isa = XCBuildConfiguration;
			buildSettings = {
				ALWAYS_EMBED_SWIFT_STANDARD_LIBRARIES = YES;
				CODE_SIGN_STYLE = Automatic;
				CURRENT_PROJECT_VERSION = 1;
				DEVELOPMENT_TEAM = 973F3TA6FW;
				GENERATE_INFOPLIST_FILE = YES;
				MARKETING_VERSION = 1.0;
				PRODUCT_BUNDLE_IDENTIFIER = Academy.CalculatorAppUITests;
				PRODUCT_NAME = "$(TARGET_NAME)";
				SWIFT_EMIT_LOC_STRINGS = NO;
				SWIFT_VERSION = 5.0;
				TARGETED_DEVICE_FAMILY = "1,2";
				TEST_TARGET_NAME = CalculatorApp;
			};
			name = Release;
		};
/* End XCBuildConfiguration section */

/* Begin XCConfigurationList section */
		0FF9AEC62B7C193A0073C39E /* Build configuration list for PBXProject "CalculatorApp" */ = {
			isa = XCConfigurationList;
			buildConfigurations = (
				0FF9AEED2B7C193E0073C39E /* Debug */,
				0FF9AEEE2B7C193E0073C39E /* Release */,
			);
			defaultConfigurationIsVisible = 0;
			defaultConfigurationName = Release;
		};
		0FF9AEEF2B7C193E0073C39E /* Build configuration list for PBXNativeTarget "CalculatorApp" */ = {
			isa = XCConfigurationList;
			buildConfigurations = (
				0FF9AEF02B7C193E0073C39E /* Debug */,
				0FF9AEF12B7C193E0073C39E /* Release */,
			);
			defaultConfigurationIsVisible = 0;
			defaultConfigurationName = Release;
		};
		0FF9AEF22B7C193E0073C39E /* Build configuration list for PBXNativeTarget "CalculatorAppTests" */ = {
			isa = XCConfigurationList;
			buildConfigurations = (
				0FF9AEF32B7C193E0073C39E /* Debug */,
				0FF9AEF42B7C193E0073C39E /* Release */,
			);
			defaultConfigurationIsVisible = 0;
			defaultConfigurationName = Release;
		};
		0FF9AEF52B7C193E0073C39E /* Build configuration list for PBXNativeTarget "CalculatorAppUITests" */ = {
			isa = XCConfigurationList;
			buildConfigurations = (
				0FF9AEF62B7C193E0073C39E /* Debug */,
				0FF9AEF72B7C193E0073C39E /* Release */,
			);
			defaultConfigurationIsVisible = 0;
			defaultConfigurationName = Release;
		};
/* End XCConfigurationList section */
	};
	rootObject = 0FF9AEC32B7C193A0073C39E /* Project object */;
}
